
Microsoft Visual Studio Solution File, Format Version 12.00
# Visual Studio Version 16
VisualStudioVersion = 16.0.31727.386
MinimumVisualStudioVersion = 10.0.40219.1
Project("{8BC9CEB8-8B4A-11D0-8D11-00A0C91BC942}") = "SquidGame.v0.1", "SquidGame.v0.1\SquidGame.v0.1.vcxproj", "{F064C455-2CBD-476C-A8C8-DD82FE9175E1}"
EndProject
Global
	GlobalSection(SolutionConfigurationPlatforms) = preSolution
		Debug|x64 = Debug|x64
		Debug|x86 = Debug|x86
		Release|x64 = Release|x64
		Release|x86 = Release|x86
	EndGlobalSection
	GlobalSection(ProjectConfigurationPlatforms) = postSolution
		{F064C455-2CBD-476C-A8C8-DD82FE9175E1}.Debug|x64.ActiveCfg = Debug|x64
		{F064C455-2CBD-476C-A8C8-DD82FE9175E1}.Debug|x64.Build.0 = Debug|x64
		{F064C455-2CBD-476C-A8C8-DD82FE9175E1}.Debug|x86.ActiveCfg = Debug|Win32
		{F064C455-2CBD-476C-A8C8-DD82FE9175E1}.Debug|x86.Build.0 = Debug|Win32
		{F064C455-2CBD-476C-A8C8-DD82FE9175E1}.Release|x64.ActiveCfg = Release|x64
		{F064C455-2CBD-476C-A8C8-DD82FE9175E1}.Release|x64.Build.0 = Release|x64
		{F064C455-2CBD-476C-A8C8-DD82FE9175E1}.Release|x86.ActiveCfg = Release|Win32
		{F064C455-2CBD-476C-A8C8-DD82FE9175E1}.Release|x86.Build.0 = Release|Win32
	EndGlobalSection
	GlobalSection(SolutionProperties) = preSolution
		HideSolutionNode = FALSE
	EndGlobalSection
	GlobalSection(ExtensibilityGlobals) = postSolution
		SolutionGuid = {5052B3AE-E06B-48D3-9E12-258C36C614CA}
	EndGlobalSection
EndGlobal
